# THIS IS AN AUTOGENERATED FILE. DO NOT EDIT THIS FILE DIRECTLY.
# yarn lockfile v1


"@types/lodash.clonedeep@^4.5.9":
  version "4.5.9"
  resolved "https://registry.yarnpkg.com/@types/lodash.clonedeep/-/lodash.clonedeep-4.5.9.tgz#ea48276c7cc18d080e00bb56cf965bcceb3f0fc1"
  integrity sha512-19429mWC+FyaAhOLzsS8kZUsI+/GmBAQ0HFiCPsKGU+7pBXOQWhyrY6xNNDwUSX8SMZMJvuFVMF9O5dQOlQK9Q==
  dependencies:
    "@types/lodash" "*"

"@types/lodash@*":
  version "4.14.202"
  resolved "https://registry.yarnpkg.com/@types/lodash/-/lodash-4.14.202.tgz#f09dbd2fb082d507178b2f2a5c7e74bd72ff98f8"
  integrity sha512-OvlIYQK9tNneDlS0VN54LLd5uiPCBOp7gS5Z0f1mjoJYBrtStzgmJBxONW3U6OZqdtNzZPmn9BS/7WI7BFFcFQ==

lodash.clonedeep@^4.5.0:
  version "4.5.0"
  resolved "https://registry.yarnpkg.com/lodash.clonedeep/-/lodash.clonedeep-4.5.0.tgz#e23f3f9c4f8fbdde872529c1071857a086e5ccef"
  integrity sha512-H5ZhCF25riFd9uB5UCkVKo61m3S/xZk1x4wA6yp/L3RFP6Z/eHH1ymQcGLo7J3GMPfm0V/7m1tryHuGVxpqEBQ==

use-debounced-effect@^2.0.1:
  version "2.0.1"
  resolved "https://registry.yarnpkg.com/use-debounced-effect/-/use-debounced-effect-2.0.1.tgz#98de2561730770ea0b3cdfc4c562108b1d40a3b7"
  integrity sha512-GURbvUuZR2mGpaxjUNKnVXtjSh7LHc/2zPKjN4YS1cYAFw0WKOFNNZiOfgYCZEd4I16qG9aOwjSyJn1+f52KUw==
